
Microsoft Visual Studio Solution File, Format Version 12.00
# Visual Studio 15
VisualStudioVersion = 15.0.28307.1321
MinimumVisualStudioVersion = 10.0.40219.1
Project("{8BC9CEB8-8B4A-11D0-8D11-00A0C91BC942}") = "Project1", "Project1\Project1.vcxproj", "{537C1A15-9F0F-41D1-BC71-91FADC5DE6E2}"
EndProject
Global
	GlobalSection(SolutionConfigurationPlatforms) = preSolution
		Debug|x64 = Debug|x64
		Debug|x86 = Debug|x86
		Release|x64 = Release|x64
		Release|x86 = Release|x86
	EndGlobalSection
	GlobalSection(ProjectConfigurationPlatforms) = postSolution
		{537C1A15-9F0F-41D1-BC71-91FADC5DE6E2}.Debug|x64.ActiveCfg = Debug|x64
		{537C1A15-9F0F-41D1-BC71-91FADC5DE6E2}.Debug|x64.Build.0 = Debug|x64
		{537C1A15-9F0F-41D1-BC71-91FADC5DE6E2}.Debug|x86.ActiveCfg = Debug|Win32
		{537C1A15-9F0F-41D1-BC71-91FADC5DE6E2}.Debug|x86.Build.0 = Debug|Win32
		{537C1A15-9F0F-41D1-BC71-91FADC5DE6E2}.Release|x64.ActiveCfg = Release|x64
		{537C1A15-9F0F-41D1-BC71-91FADC5DE6E2}.Release|x64.Build.0 = Release|x64
		{537C1A15-9F0F-41D1-BC71-91FADC5DE6E2}.Release|x86.ActiveCfg = Release|Win32
		{537C1A15-9F0F-41D1-BC71-91FADC5DE6E2}.Release|x86.Build.0 = Release|Win32
	EndGlobalSection
	GlobalSection(SolutionProperties) = preSolution
		HideSolutionNode = FALSE
	EndGlobalSection
	GlobalSection(ExtensibilityGlobals) = postSolution
		SolutionGuid = {FA9250E8-2B23-4270-A4C2-401E05A1EE71}
	EndGlobalSection
EndGlobal
