
Microsoft Visual Studio Solution File, Format Version 12.00
# Visual Studio 15
VisualStudioVersion = 15.0.28307.1321
MinimumVisualStudioVersion = 10.0.40219.1
Project("{FAE04EC0-301F-11D3-BF4B-00C04F79EFBC}") = "ConsoleApp1", "ConsoleApp1\ConsoleApp1.csproj", "{0DC6E362-188D-4ED6-9962-509E59DF6906}"
EndProject
Global
	GlobalSection(SolutionConfigurationPlatforms) = preSolution
		Debug|Any CPU = Debug|Any CPU
		Release|Any CPU = Release|Any CPU
	EndGlobalSection
	GlobalSection(ProjectConfigurationPlatforms) = postSolution
		{0DC6E362-188D-4ED6-9962-509E59DF6906}.Debug|Any CPU.ActiveCfg = Debug|Any CPU
		{0DC6E362-188D-4ED6-9962-509E59DF6906}.Debug|Any CPU.Build.0 = Debug|Any CPU
		{0DC6E362-188D-4ED6-9962-509E59DF6906}.Release|Any CPU.ActiveCfg = Release|Any CPU
		{0DC6E362-188D-4ED6-9962-509E59DF6906}.Release|Any CPU.Build.0 = Release|Any CPU
	EndGlobalSection
	GlobalSection(SolutionProperties) = preSolution
		HideSolutionNode = FALSE
	EndGlobalSection
	GlobalSection(ExtensibilityGlobals) = postSolution
		SolutionGuid = {F446FFB1-DF2B-4013-9391-B7E00CDA4769}
	EndGlobalSection
EndGlobal
