
Microsoft Visual Studio Solution File, Format Version 12.00
# Visual Studio 15
VisualStudioVersion = 15.0.28307.1321
MinimumVisualStudioVersion = 10.0.40219.1
Project("{FAE04EC0-301F-11D3-BF4B-00C04F79EFBC}") = "ConsoleApp1", "ConsoleApp1\ConsoleApp1.csproj", "{DA0A9948-718E-45B6-A6EE-0E92137CC1FB}"
EndProject
Global
	GlobalSection(SolutionConfigurationPlatforms) = preSolution
		Debug|Any CPU = Debug|Any CPU
		Release|Any CPU = Release|Any CPU
	EndGlobalSection
	GlobalSection(ProjectConfigurationPlatforms) = postSolution
		{DA0A9948-718E-45B6-A6EE-0E92137CC1FB}.Debug|Any CPU.ActiveCfg = Debug|Any CPU
		{DA0A9948-718E-45B6-A6EE-0E92137CC1FB}.Debug|Any CPU.Build.0 = Debug|Any CPU
		{DA0A9948-718E-45B6-A6EE-0E92137CC1FB}.Release|Any CPU.ActiveCfg = Release|Any CPU
		{DA0A9948-718E-45B6-A6EE-0E92137CC1FB}.Release|Any CPU.Build.0 = Release|Any CPU
	EndGlobalSection
	GlobalSection(SolutionProperties) = preSolution
		HideSolutionNode = FALSE
	EndGlobalSection
	GlobalSection(ExtensibilityGlobals) = postSolution
		SolutionGuid = {FAAF3201-283C-4469-BBFA-C50AAD9AD93C}
	EndGlobalSection
EndGlobal
